
Microsoft Visual Studio Solution File, Format Version 12.00
# Visual Studio Version 17
VisualStudioVersion = 17.10.35013.160
MinimumVisualStudioVersion = 10.0.40219.1
Project("{FAE04EC0-301F-11D3-BF4B-00C04F79EFBC}") = "TitanSystem", "TitanSystem\TitanSystem.csproj", "{63EFAEE4-C9BB-44F3-BDE3-8E13D9825938}"
EndProject
Global
	GlobalSection(SolutionConfigurationPlatforms) = preSolution
		Debug|Any CPU = Debug|Any CPU
		Release|Any CPU = Release|Any CPU
	EndGlobalSection
	GlobalSection(ProjectConfigurationPlatforms) = postSolution
		{63EFAEE4-C9BB-44F3-BDE3-8E13D9825938}.Debug|Any CPU.ActiveCfg = Debug|Any CPU
		{63EFAEE4-C9BB-44F3-BDE3-8E13D9825938}.Debug|Any CPU.Build.0 = Debug|Any CPU
		{63EFAEE4-C9BB-44F3-BDE3-8E13D9825938}.Release|Any CPU.ActiveCfg = Release|Any CPU
		{63EFAEE4-C9BB-44F3-BDE3-8E13D9825938}.Release|Any CPU.Build.0 = Release|Any CPU
	EndGlobalSection
	GlobalSection(SolutionProperties) = preSolution
		HideSolutionNode = FALSE
	EndGlobalSection
	GlobalSection(ExtensibilityGlobals) = postSolution
		SolutionGuid = {DB591F60-9A0E-47BB-B613-B698A5F8F3C1}
	EndGlobalSection
EndGlobal
